
Microsoft Visual Studio Solution File, Format Version 12.00
# Visual Studio Version 16
VisualStudioVersion = 16.0.29521.150
MinimumVisualStudioVersion = 10.0.40219.1
Project("{00D1A9C2-B5F0-4AF3-8072-F6C62B433612}") = "HotelAppDB", "HotelAppDB\HotelAppDB.sqlproj", "{B79AD7D6-4733-4FCA-9DDB-78751C68AE45}"
EndProject
Project("{9A19103F-16F7-4668-BE54-9A1E7A4F7556}") = "HotelAppLibrary", "HotelAppLibrary\HotelAppLibrary.csproj", "{56E8ECD5-DF6E-4D7D-AAFF-97C2EB5CC3F3}"
EndProject
Project("{FAE04EC0-301F-11D3-BF4B-00C04F79EFBC}") = "HotelApp.Web", "HotelApp.Web\HotelApp.Web.csproj", "{60B67FF0-5F5D-4268-B9AC-D507B52B83FA}"
EndProject
Global
	GlobalSection(SolutionConfigurationPlatforms) = preSolution
		Debug|Any CPU = Debug|Any CPU
		Release|Any CPU = Release|Any CPU
	EndGlobalSection
	GlobalSection(ProjectConfigurationPlatforms) = postSolution
		{B79AD7D6-4733-4FCA-9DDB-78751C68AE45}.Debug|Any CPU.ActiveCfg = Debug|Any CPU
		{B79AD7D6-4733-4FCA-9DDB-78751C68AE45}.Debug|Any CPU.Build.0 = Debug|Any CPU
		{B79AD7D6-4733-4FCA-9DDB-78751C68AE45}.Debug|Any CPU.Deploy.0 = Debug|Any CPU
		{B79AD7D6-4733-4FCA-9DDB-78751C68AE45}.Release|Any CPU.ActiveCfg = Release|Any CPU
		{B79AD7D6-4733-4FCA-9DDB-78751C68AE45}.Release|Any CPU.Build.0 = Release|Any CPU
		{B79AD7D6-4733-4FCA-9DDB-78751C68AE45}.Release|Any CPU.Deploy.0 = Release|Any CPU
		{56E8ECD5-DF6E-4D7D-AAFF-97C2EB5CC3F3}.Debug|Any CPU.ActiveCfg = Debug|Any CPU
		{56E8ECD5-DF6E-4D7D-AAFF-97C2EB5CC3F3}.Debug|Any CPU.Build.0 = Debug|Any CPU
		{56E8ECD5-DF6E-4D7D-AAFF-97C2EB5CC3F3}.Release|Any CPU.ActiveCfg = Release|Any CPU
		{56E8ECD5-DF6E-4D7D-AAFF-97C2EB5CC3F3}.Release|Any CPU.Build.0 = Release|Any CPU
		{60B67FF0-5F5D-4268-B9AC-D507B52B83FA}.Debug|Any CPU.ActiveCfg = Debug|Any CPU
		{60B67FF0-5F5D-4268-B9AC-D507B52B83FA}.Debug|Any CPU.Build.0 = Debug|Any CPU
		{60B67FF0-5F5D-4268-B9AC-D507B52B83FA}.Release|Any CPU.ActiveCfg = Release|Any CPU
		{60B67FF0-5F5D-4268-B9AC-D507B52B83FA}.Release|Any CPU.Build.0 = Release|Any CPU
	EndGlobalSection
	GlobalSection(SolutionProperties) = preSolution
		HideSolutionNode = FALSE
	EndGlobalSection
	GlobalSection(ExtensibilityGlobals) = postSolution
		SolutionGuid = {F2A8423F-6692-4D73-81C9-9A00ECFB1B39}
	EndGlobalSection
EndGlobal
